// !$*UTF8*$!
{
	archiveVersion = 1;
	classes = {
	};
	objectVersion = 46;
	objects = {

/* Begin PBXBuildFile section */
		024EA8FDACB48F0C4A640D4F /* VenTrackApp.swift in Sources */ = {isa = PBXBuildFile; fileRef = 620535508147E314F5AD390F /* VenTrackApp.swift */; };
		08486A4F073A3F11E1639C46 /* EventService.swift in Sources */ = {isa = PBXBuildFile; fileRef = D34DE478357B967803628604 /* EventService.swift */; };
		09F8687BAB3E810EAE5FB174 /* Event.swift in Sources */ = {isa = PBXBuildFile; fileRef = D2D75AACF88E47AA23ECC8FE /* Event.swift */; };
		271E6708B085DE0305ED51C2 /* PreferencesView.swift in Sources */ = {isa = PBXBuildFile; fileRef = 388A88C7512DF1737C134069 /* PreferencesView.swift */; };
		56A8A3F48D1452B05B399321 /* AppState.swift in Sources */ = {isa = PBXBuildFile; fileRef = 1FE246CFBAC8BE16A732BE36 /* AppState.swift */; };
		570853F734AAA2383C85F85C /* OnboardingView.swift in Sources */ = {isa = PBXBuildFile; fileRef = F9AC3F238C746E982FC2DFBC /* OnboardingView.swift */; };
		5D5DBCA52915F08C191A6D02 /* Theme.swift in Sources */ = {isa = PBXBuildFile; fileRef = 1F87F1E5247271AD3062DAD4 /* Theme.swift */; };
		60D7B609BF89174AC2732204 /* SavedView.swift in Sources */ = {isa = PBXBuildFile; fileRef = 294C1AC5EA7EA5BEB30391F0 /* SavedView.swift */; };
		62996ED26B16B053253CAC94 /* EventDetailView.swift in Sources */ = {isa = PBXBuildFile; fileRef = CBEB0CAD27A1C8121AC261DA /* EventDetailView.swift */; };
		89C463DFFC10A841D04C43D1 /* PlaceOverride.swift in Sources */ = {isa = PBXBuildFile; fileRef = 78A7BBA3E1389A5D38995848 /* PlaceOverride.swift */; };
		8DE994807463C7DAA11DD7FA /* DateQueryParser.swift in Sources */ = {isa = PBXBuildFile; fileRef = 45E29FD3597D151E773145BD /* DateQueryParser.swift */; };
		99B28A58680A1A1ECE1277F2 /* DiscoverView.swift in Sources */ = {isa = PBXBuildFile; fileRef = DABC4D90273530C7A7070C0D /* DiscoverView.swift */; };
		9ADBF702121378197DFF3BA7 /* CategoryArtwork.swift in Sources */ = {isa = PBXBuildFile; fileRef = 60C305E07D160E19EE871775 /* CategoryArtwork.swift */; };
		9D78FE5D138BD5B033B933E7 /* Assets.xcassets in Resources */ = {isa = PBXBuildFile; fileRef = 2B7F7DDA74692FC477F7B96C /* Assets.xcassets */; };
		B88B989DF85E00F9C7EA64A7 /* Foundation.framework in Frameworks */ = {isa = PBXBuildFile; fileRef = D7CF4C11229B2791E240A311 /* Foundation.framework */; };
		B8D68CA2D4F54D971E9C75B1 /* States.swift in Sources */ = {isa = PBXBuildFile; fileRef = 2D87975F1C181312AFAC824B /* States.swift */; };
		BF8FE379AF0BB62ECF66D945 /* RegionBrowserView.swift in Sources */ = {isa = PBXBuildFile; fileRef = 782297F4E20BBBC9D9983D08 /* RegionBrowserView.swift */; };
		C9B03831315AB6D286282A47 /* EventMapView.swift in Sources */ = {isa = PBXBuildFile; fileRef = 00485DCED2BFE58A85C227F8 /* EventMapView.swift */; };
		CB1253404A029B3A1542B308 /* EventCard.swift in Sources */ = {isa = PBXBuildFile; fileRef = E8016B9389DD64915D720D99 /* EventCard.swift */; };
		DC2D3DC6C5FC35B0D3874069 /* SearchView.swift in Sources */ = {isa = PBXBuildFile; fileRef = 207EE9E0FD67C70AF8877F56 /* SearchView.swift */; };
		F79CBA6FFA9F2091891C0AB5 /* Preference.swift in Sources */ = {isa = PBXBuildFile; fileRef = B2D338476A0770CD63E1B0C4 /* Preference.swift */; };
/* End PBXBuildFile section */

/* Begin PBXFileReference section */
		00485DCED2BFE58A85C227F8 /* EventMapView.swift */ = {isa = PBXFileReference; includeInIndex = 1; lastKnownFileType = sourcecode.swift; name = EventMapView.swift; path = Views/EventMapView.swift; sourceTree = "<group>"; };
		1F87F1E5247271AD3062DAD4 /* Theme.swift */ = {isa = PBXFileReference; includeInIndex = 1; lastKnownFileType = sourcecode.swift; name = Theme.swift; path = Design/Theme.swift; sourceTree = "<group>"; };
		1FE246CFBAC8BE16A732BE36 /* AppState.swift */ = {isa = PBXFileReference; includeInIndex = 1; lastKnownFileType = sourcecode.swift; name = AppState.swift; path = State/AppState.swift; sourceTree = "<group>"; };
		207EE9E0FD67C70AF8877F56 /* SearchView.swift */ = {isa = PBXFileReference; includeInIndex = 1; lastKnownFileType = sourcecode.swift; name = SearchView.swift; path = Views/SearchView.swift; sourceTree = "<group>"; };
		294C1AC5EA7EA5BEB30391F0 /* SavedView.swift */ = {isa = PBXFileReference; includeInIndex = 1; lastKnownFileType = sourcecode.swift; name = SavedView.swift; path = Views/SavedView.swift; sourceTree = "<group>"; };
		2B7F7DDA74692FC477F7B96C /* Assets.xcassets */ = {isa = PBXFileReference; includeInIndex = 1; lastKnownFileType = folder.assetcatalog; path = Assets.xcassets; sourceTree = "<group>"; };
		2D87975F1C181312AFAC824B /* States.swift */ = {isa = PBXFileReference; includeInIndex = 1; lastKnownFileType = sourcecode.swift; name = States.swift; path = Views/States.swift; sourceTree = "<group>"; };
		33A19F7D59ED054C110698A6 /* VenTrack.app */ = {isa = PBXFileReference; explicitFileType = wrapper.application; includeInIndex = 0; path = VenTrack.app; sourceTree = BUILT_PRODUCTS_DIR; };
		388A88C7512DF1737C134069 /* PreferencesView.swift */ = {isa = PBXFileReference; includeInIndex = 1; lastKnownFileType = sourcecode.swift; name = PreferencesView.swift; path = Views/PreferencesView.swift; sourceTree = "<group>"; };
		45E29FD3597D151E773145BD /* DateQueryParser.swift */ = {isa = PBXFileReference; includeInIndex = 1; lastKnownFileType = sourcecode.swift; name = DateQueryParser.swift; path = Models/DateQueryParser.swift; sourceTree = "<group>"; };
		60C305E07D160E19EE871775 /* CategoryArtwork.swift */ = {isa = PBXFileReference; includeInIndex = 1; lastKnownFileType = sourcecode.swift; name = CategoryArtwork.swift; path = Design/CategoryArtwork.swift; sourceTree = "<group>"; };
		620535508147E314F5AD390F /* VenTrackApp.swift */ = {isa = PBXFileReference; includeInIndex = 1; lastKnownFileType = sourcecode.swift; name = VenTrackApp.swift; path = Views/VenTrackApp.swift; sourceTree = "<group>"; };
		6A4870414B7DF1AFEE82D8D2 /* Info.plist */ = {isa = PBXFileReference; includeInIndex = 1; lastKnownFileType = text.plist.xml; path = Info.plist; sourceTree = "<group>"; };
		782297F4E20BBBC9D9983D08 /* RegionBrowserView.swift */ = {isa = PBXFileReference; includeInIndex = 1; lastKnownFileType = sourcecode.swift; name = RegionBrowserView.swift; path = Views/RegionBrowserView.swift; sourceTree = "<group>"; };
		78A7BBA3E1389A5D38995848 /* PlaceOverride.swift */ = {isa = PBXFileReference; includeInIndex = 1; lastKnownFileType = sourcecode.swift; name = PlaceOverride.swift; path = Models/PlaceOverride.swift; sourceTree = "<group>"; };
		B2D338476A0770CD63E1B0C4 /* Preference.swift */ = {isa = PBXFileReference; includeInIndex = 1; lastKnownFileType = sourcecode.swift; name = Preference.swift; path = Models/Preference.swift; sourceTree = "<group>"; };
		CBEB0CAD27A1C8121AC261DA /* EventDetailView.swift */ = {isa = PBXFileReference; includeInIndex = 1; lastKnownFileType = sourcecode.swift; name = EventDetailView.swift; path = Views/EventDetailView.swift; sourceTree = "<group>"; };
		D2D75AACF88E47AA23ECC8FE /* Event.swift */ = {isa = PBXFileReference; includeInIndex = 1; lastKnownFileType = sourcecode.swift; name = Event.swift; path = Models/Event.swift; sourceTree = "<group>"; };
		D34DE478357B967803628604 /* EventService.swift */ = {isa = PBXFileReference; includeInIndex = 1; lastKnownFileType = sourcecode.swift; name = EventService.swift; path = Services/EventService.swift; sourceTree = "<group>"; };
		D7CF4C11229B2791E240A311 /* Foundation.framework */ = {isa = PBXFileReference; lastKnownFileType = wrapper.framework; name = Foundation.framework; path = Platforms/iPhoneOS.platform/Developer/SDKs/iPhoneOS26.0.sdk/System/Library/Frameworks/Foundation.framework; sourceTree = DEVELOPER_DIR; };
		DABC4D90273530C7A7070C0D /* DiscoverView.swift */ = {isa = PBXFileReference; includeInIndex = 1; lastKnownFileType = sourcecode.swift; name = DiscoverView.swift; path = Views/DiscoverView.swift; sourceTree = "<group>"; };
		E8016B9389DD64915D720D99 /* EventCard.swift */ = {isa = PBXFileReference; includeInIndex = 1; lastKnownFileType = sourcecode.swift; name = EventCard.swift; path = Views/EventCard.swift; sourceTree = "<group>"; };
		F9AC3F238C746E982FC2DFBC /* OnboardingView.swift */ = {isa = PBXFileReference; includeInIndex = 1; lastKnownFileType = sourcecode.swift; name = OnboardingView.swift; path = Views/OnboardingView.swift; sourceTree = "<group>"; };
/* End PBXFileReference section */

/* Begin PBXFrameworksBuildPhase section */
		6C1B5728CE92E6F80A757461 /* Frameworks */ = {
			isa = PBXFrameworksBuildPhase;
			buildActionMask = 2147483647;
			files = (
				B88B989DF85E00F9C7EA64A7 /* Foundation.framework in Frameworks */,
			);
			runOnlyForDeploymentPostprocessing = 0;
		};
/* End PBXFrameworksBuildPhase section */

/* Begin PBXGroup section */
		1D2732A470F02CAC4EB061F8 = {
			isa = PBXGroup;
			children = (
				995606196D6557845D3A699B /* Products */,
				CFF4687592956CAF071EC379 /* Frameworks */,
				86C44944CBA0F5090420FC02 /* VenTrack */,
			);
			sourceTree = "<group>";
		};
		86C44944CBA0F5090420FC02 /* VenTrack */ = {
			isa = PBXGroup;
			children = (
				60C305E07D160E19EE871775 /* CategoryArtwork.swift */,
				1F87F1E5247271AD3062DAD4 /* Theme.swift */,
				45E29FD3597D151E773145BD /* DateQueryParser.swift */,
				D2D75AACF88E47AA23ECC8FE /* Event.swift */,
				78A7BBA3E1389A5D38995848 /* PlaceOverride.swift */,
				B2D338476A0770CD63E1B0C4 /* Preference.swift */,
				D34DE478357B967803628604 /* EventService.swift */,
				1FE246CFBAC8BE16A732BE36 /* AppState.swift */,
				DABC4D90273530C7A7070C0D /* DiscoverView.swift */,
				E8016B9389DD64915D720D99 /* EventCard.swift */,
				CBEB0CAD27A1C8121AC261DA /* EventDetailView.swift */,
				00485DCED2BFE58A85C227F8 /* EventMapView.swift */,
				F9AC3F238C746E982FC2DFBC /* OnboardingView.swift */,
				388A88C7512DF1737C134069 /* PreferencesView.swift */,
				782297F4E20BBBC9D9983D08 /* RegionBrowserView.swift */,
				294C1AC5EA7EA5BEB30391F0 /* SavedView.swift */,
				207EE9E0FD67C70AF8877F56 /* SearchView.swift */,
				2D87975F1C181312AFAC824B /* States.swift */,
				620535508147E314F5AD390F /* VenTrackApp.swift */,
				6A4870414B7DF1AFEE82D8D2 /* Info.plist */,
				2B7F7DDA74692FC477F7B96C /* Assets.xcassets */,
			);
			name = VenTrack;
			path = VenTrack;
			sourceTree = "<group>";
		};
		995606196D6557845D3A699B /* Products */ = {
			isa = PBXGroup;
			children = (
				33A19F7D59ED054C110698A6 /* VenTrack.app */,
			);
			name = Products;
			sourceTree = "<group>";
		};
		9B0DD907BBD11A65E2062759 /* iOS */ = {
			isa = PBXGroup;
			children = (
				D7CF4C11229B2791E240A311 /* Foundation.framework */,
			);
			name = iOS;
			sourceTree = "<group>";
		};
		CFF4687592956CAF071EC379 /* Frameworks */ = {
			isa = PBXGroup;
			children = (
				9B0DD907BBD11A65E2062759 /* iOS */,
			);
			name = Frameworks;
			sourceTree = "<group>";
		};
/* End PBXGroup section */

/* Begin PBXNativeTarget section */
		BC59FDEA4F1F6B5CCF72EA9F /* VenTrack */ = {
			isa = PBXNativeTarget;
			buildConfigurationList = FFD6D228AEE9991A96CA127B /* Build configuration list for PBXNativeTarget "VenTrack" */;
			buildPhases = (
				5F9BCE051384D279AA434F26 /* Sources */,
				6C1B5728CE92E6F80A757461 /* Frameworks */,
				4F52D9EE845A50E97FB37F71 /* Resources */,
			);
			buildRules = (
			);
			dependencies = (
			);
			name = VenTrack;
			productName = VenTrack;
			productReference = 33A19F7D59ED054C110698A6 /* VenTrack.app */;
			productType = "com.apple.product-type.application";
		};
/* End PBXNativeTarget section */

/* Begin PBXProject section */
		526AAC8CD89BCADC5E642B0F /* Project object */ = {
			isa = PBXProject;
			attributes = {
				LastSwiftUpdateCheck = 1600;
				LastUpgradeCheck = 1600;
			};
			buildConfigurationList = 3FE4E9042FC9E771271D3634 /* Build configuration list for PBXProject "VenTrack" */;
			compatibilityVersion = "Xcode 3.2";
			developmentRegion = en;
			hasScannedForEncodings = 0;
			knownRegions = (
				en,
				Base,
			);
			mainGroup = 1D2732A470F02CAC4EB061F8;
			minimizedProjectReferenceProxies = 0;
			preferredProjectObjectVersion = 100;
			productRefGroup = 995606196D6557845D3A699B /* Products */;
			projectDirPath = "";
			projectRoot = "";
			targets = (
				BC59FDEA4F1F6B5CCF72EA9F /* VenTrack */,
			);
		};
/* End PBXProject section */

/* Begin PBXResourcesBuildPhase section */
		4F52D9EE845A50E97FB37F71 /* Resources */ = {
			isa = PBXResourcesBuildPhase;
			buildActionMask = 2147483647;
			files = (
				9D78FE5D138BD5B033B933E7 /* Assets.xcassets in Resources */,
			);
			runOnlyForDeploymentPostprocessing = 0;
		};
/* End PBXResourcesBuildPhase section */

/* Begin PBXSourcesBuildPhase section */
		5F9BCE051384D279AA434F26 /* Sources */ = {
			isa = PBXSourcesBuildPhase;
			buildActionMask = 2147483647;
			files = (
				9ADBF702121378197DFF3BA7 /* CategoryArtwork.swift in Sources */,
				5D5DBCA52915F08C191A6D02 /* Theme.swift in Sources */,
				8DE994807463C7DAA11DD7FA /* DateQueryParser.swift in Sources */,
				09F8687BAB3E810EAE5FB174 /* Event.swift in Sources */,
				89C463DFFC10A841D04C43D1 /* PlaceOverride.swift in Sources */,
				F79CBA6FFA9F2091891C0AB5 /* Preference.swift in Sources */,
				08486A4F073A3F11E1639C46 /* EventService.swift in Sources */,
				56A8A3F48D1452B05B399321 /* AppState.swift in Sources */,
				99B28A58680A1A1ECE1277F2 /* DiscoverView.swift in Sources */,
				CB1253404A029B3A1542B308 /* EventCard.swift in Sources */,
				62996ED26B16B053253CAC94 /* EventDetailView.swift in Sources */,
				C9B03831315AB6D286282A47 /* EventMapView.swift in Sources */,
				570853F734AAA2383C85F85C /* OnboardingView.swift in Sources */,
				271E6708B085DE0305ED51C2 /* PreferencesView.swift in Sources */,
				BF8FE379AF0BB62ECF66D945 /* RegionBrowserView.swift in Sources */,
				60D7B609BF89174AC2732204 /* SavedView.swift in Sources */,
				DC2D3DC6C5FC35B0D3874069 /* SearchView.swift in Sources */,
				B8D68CA2D4F54D971E9C75B1 /* States.swift in Sources */,
				024EA8FDACB48F0C4A640D4F /* VenTrackApp.swift in Sources */,
			);
			runOnlyForDeploymentPostprocessing = 0;
		};
/* End PBXSourcesBuildPhase section */

/* Begin XCBuildConfiguration section */
		4A7EB69AD6114B9E229B8108 /* Release */ = {
			isa = XCBuildConfiguration;
			buildSettings = {
				ALWAYS_SEARCH_USER_PATHS = NO;
				CLANG_ANALYZER_NONNULL = YES;
				CLANG_ANALYZER_NUMBER_OBJECT_CONVERSION = YES_AGGRESSIVE;
				CLANG_CXX_LANGUAGE_STANDARD = "gnu++14";
				CLANG_CXX_LIBRARY = "libc++";
				CLANG_ENABLE_MODULES = YES;
				CLANG_ENABLE_OBJC_ARC = YES;
				CLANG_ENABLE_OBJC_WEAK = YES;
				CLANG_WARN_BLOCK_CAPTURE_AUTORELEASING = YES;
				CLANG_WARN_BOOL_CONVERSION = YES;
				CLANG_WARN_COMMA = YES;
				CLANG_WARN_CONSTANT_CONVERSION = YES;
				CLANG_WARN_DEPRECATED_OBJC_IMPLEMENTATIONS = YES;
				CLANG_WARN_DIRECT_OBJC_ISA_USAGE = YES_ERROR;
				CLANG_WARN_DOCUMENTATION_COMMENTS = YES;
				CLANG_WARN_EMPTY_BODY = YES;
				CLANG_WARN_ENUM_CONVERSION = YES;
				CLANG_WARN_INFINITE_RECURSION = YES;
				CLANG_WARN_INT_CONVERSION = YES;
				CLANG_WARN_NON_LITERAL_NULL_CONVERSION = YES;
				CLANG_WARN_OBJC_IMPLICIT_RETAIN_SELF = YES;
				CLANG_WARN_OBJC_LITERAL_CONVERSION = YES;
				CLANG_WARN_OBJC_ROOT_CLASS = YES_ERROR;
				CLANG_WARN_QUOTED_INCLUDE_IN_FRAMEWORK_HEADER = YES;
				CLANG_WARN_RANGE_LOOP_ANALYSIS = YES;
				CLANG_WARN_STRICT_PROTOTYPES = YES;
				CLANG_WARN_SUSPICIOUS_MOVE = YES;
				CLANG_WARN_UNGUARDED_AVAILABILITY = YES_AGGRESSIVE;
				CLANG_WARN_UNREACHABLE_CODE = YES;
				CLANG_WARN__DUPLICATE_METHOD_MATCH = YES;
				COPY_PHASE_STRIP = NO;
				DEBUG_INFORMATION_FORMAT = "dwarf-with-dsym";
				ENABLE_NS_ASSERTIONS = NO;
				ENABLE_STRICT_OBJC_MSGSEND = YES;
				GCC_C_LANGUAGE_STANDARD = gnu11;
				GCC_NO_COMMON_BLOCKS = YES;
				GCC_WARN_64_TO_32_BIT_CONVERSION = YES;
				GCC_WARN_ABOUT_RETURN_TYPE = YES_ERROR;
				GCC_WARN_UNDECLARED_SELECTOR = YES;
				GCC_WARN_UNINITIALIZED_AUTOS = YES_AGGRESSIVE;
				GCC_WARN_UNUSED_FUNCTION = YES;
				GCC_WARN_UNUSED_VARIABLE = YES;
				MTL_ENABLE_DEBUG_INFO = NO;
				MTL_FAST_MATH = YES;
				PRODUCT_NAME = "$(TARGET_NAME)";
				SWIFT_COMPILATION_MODE = wholemodule;
				SWIFT_OPTIMIZATION_LEVEL = "-O";
				SWIFT_VERSION = 5.0;
			};
			name = Release;
		};
		8BB411E6C4A7E141D6664D47 /* Release */ = {
			isa = XCBuildConfiguration;
			buildSettings = {
				ASSETCATALOG_COMPILER_APPICON_NAME = AppIcon;
				ASSETCATALOG_COMPILER_GLOBAL_ACCENT_COLOR_NAME = "";
				CLANG_ENABLE_OBJC_WEAK = NO;
				CODE_SIGN_STYLE = Automatic;
				DEVELOPMENT_LANGUAGE = "en-GB";
				DEVELOPMENT_TEAM = CRLGA87MAF;
				ENABLE_PREVIEWS = YES;
				GENERATE_INFOPLIST_FILE = NO;
				INFOPLIST_FILE = VenTrack/Info.plist;
				IPHONEOS_DEPLOYMENT_TARGET = 17.0;
				LD_RUNPATH_SEARCH_PATHS = "$(inherited) @executable_path/Frameworks";
				PRODUCT_BUNDLE_IDENTIFIER = com.voice2jobs.ventrackuk;
				PRODUCT_NAME = "$(TARGET_NAME)";
				SDKROOT = iphoneos;
				SWIFT_VERSION = 5.0;
				TARGETED_DEVICE_FAMILY = 1;
				VALIDATE_PRODUCT = YES;
			};
			name = Release;
		};
		B1F47ABE2FFA50EE63D92CA4 /* Debug */ = {
			isa = XCBuildConfiguration;
			buildSettings = {
				ASSETCATALOG_COMPILER_APPICON_NAME = AppIcon;
				ASSETCATALOG_COMPILER_GLOBAL_ACCENT_COLOR_NAME = "";
				CLANG_ENABLE_OBJC_WEAK = NO;
				CODE_SIGN_STYLE = Automatic;
				DEVELOPMENT_LANGUAGE = "en-GB";
				DEVELOPMENT_TEAM = CRLGA87MAF;
				ENABLE_PREVIEWS = YES;
				GENERATE_INFOPLIST_FILE = NO;
				INFOPLIST_FILE = VenTrack/Info.plist;
				IPHONEOS_DEPLOYMENT_TARGET = 17.0;
				LD_RUNPATH_SEARCH_PATHS = "$(inherited) @executable_path/Frameworks";
				PRODUCT_BUNDLE_IDENTIFIER = com.voice2jobs.ventrackuk;
				PRODUCT_NAME = "$(TARGET_NAME)";
				SDKROOT = iphoneos;
				SWIFT_VERSION = 5.0;
				TARGETED_DEVICE_FAMILY = 1;
			};
			name = Debug;
		};
		BD98204E1B436336EF45DED9 /* Debug */ = {
			isa = XCBuildConfiguration;
			buildSettings = {
				ALWAYS_SEARCH_USER_PATHS = NO;
				CLANG_ANALYZER_NONNULL = YES;
				CLANG_ANALYZER_NUMBER_OBJECT_CONVERSION = YES_AGGRESSIVE;
				CLANG_CXX_LANGUAGE_STANDARD = "gnu++14";
				CLANG_CXX_LIBRARY = "libc++";
				CLANG_ENABLE_MODULES = YES;
				CLANG_ENABLE_OBJC_ARC = YES;
				CLANG_ENABLE_OBJC_WEAK = YES;
				CLANG_WARN_BLOCK_CAPTURE_AUTORELEASING = YES;
				CLANG_WARN_BOOL_CONVERSION = YES;
				CLANG_WARN_COMMA = YES;
				CLANG_WARN_CONSTANT_CONVERSION = YES;
				CLANG_WARN_DEPRECATED_OBJC_IMPLEMENTATIONS = YES;
				CLANG_WARN_DIRECT_OBJC_ISA_USAGE = YES_ERROR;
				CLANG_WARN_DOCUMENTATION_COMMENTS = YES;
				CLANG_WARN_EMPTY_BODY = YES;
				CLANG_WARN_ENUM_CONVERSION = YES;
				CLANG_WARN_INFINITE_RECURSION = YES;
				CLANG_WARN_INT_CONVERSION = YES;
				CLANG_WARN_NON_LITERAL_NULL_CONVERSION = YES;
				CLANG_WARN_OBJC_IMPLICIT_RETAIN_SELF = YES;
				CLANG_WARN_OBJC_LITERAL_CONVERSION = YES;
				CLANG_WARN_OBJC_ROOT_CLASS = YES_ERROR;
				CLANG_WARN_QUOTED_INCLUDE_IN_FRAMEWORK_HEADER = YES;
				CLANG_WARN_RANGE_LOOP_ANALYSIS = YES;
				CLANG_WARN_STRICT_PROTOTYPES = YES;
				CLANG_WARN_SUSPICIOUS_MOVE = YES;
				CLANG_WARN_UNGUARDED_AVAILABILITY = YES_AGGRESSIVE;
				CLANG_WARN_UNREACHABLE_CODE = YES;
				CLANG_WARN__DUPLICATE_METHOD_MATCH = YES;
				COPY_PHASE_STRIP = NO;
				DEBUG_INFORMATION_FORMAT = dwarf;
				ENABLE_STRICT_OBJC_MSGSEND = YES;
				ENABLE_TESTABILITY = YES;
				GCC_C_LANGUAGE_STANDARD = gnu11;
				GCC_DYNAMIC_NO_PIC = NO;
				GCC_NO_COMMON_BLOCKS = YES;
				GCC_OPTIMIZATION_LEVEL = 0;
				GCC_PREPROCESSOR_DEFINITIONS = (
					"DEBUG=1",
					"$(inherited)",
				);
				GCC_WARN_64_TO_32_BIT_CONVERSION = YES;
				GCC_WARN_ABOUT_RETURN_TYPE = YES_ERROR;
				GCC_WARN_UNDECLARED_SELECTOR = YES;
				GCC_WARN_UNINITIALIZED_AUTOS = YES_AGGRESSIVE;
				GCC_WARN_UNUSED_FUNCTION = YES;
				GCC_WARN_UNUSED_VARIABLE = YES;
				MTL_ENABLE_DEBUG_INFO = INCLUDE_SOURCE;
				MTL_FAST_MATH = YES;
				ONLY_ACTIVE_ARCH = YES;
				PRODUCT_NAME = "$(TARGET_NAME)";
				SWIFT_ACTIVE_COMPILATION_CONDITIONS = DEBUG;
				SWIFT_OPTIMIZATION_LEVEL = "-Onone";
				SWIFT_VERSION = 5.0;
			};
			name = Debug;
		};
/* End XCBuildConfiguration section */

/* Begin XCConfigurationList section */
		3FE4E9042FC9E771271D3634 /* Build configuration list for PBXProject "VenTrack" */ = {
			isa = XCConfigurationList;
			buildConfigurations = (
				BD98204E1B436336EF45DED9 /* Debug */,
				4A7EB69AD6114B9E229B8108 /* Release */,
			);
			defaultConfigurationIsVisible = 0;
			defaultConfigurationName = Release;
		};
		FFD6D228AEE9991A96CA127B /* Build configuration list for PBXNativeTarget "VenTrack" */ = {
			isa = XCConfigurationList;
			buildConfigurations = (
				8BB411E6C4A7E141D6664D47 /* Release */,
				B1F47ABE2FFA50EE63D92CA4 /* Debug */,
			);
			defaultConfigurationIsVisible = 0;
			defaultConfigurationName = Release;
		};
/* End XCConfigurationList section */
	};
	rootObject = 526AAC8CD89BCADC5E642B0F /* Project object */;
}
