// !$*UTF8*$!
{
	archiveVersion = 1;
	classes = {
	};
	objectVersion = 46;
	objects = {

/* Begin PBXBuildFile section */
		05F1B8317F2F323E70DBADBB /* Assets.xcassets in Resources */ = {isa = PBXBuildFile; fileRef = D3D02A162AA82D0E667404DD /* Assets.xcassets */; };
		0B4C4F1A62252C4C1A83D37D /* DateQueryParser.swift in Sources */ = {isa = PBXBuildFile; fileRef = 33362B1A90B01B6E0ABD5893 /* DateQueryParser.swift */; };
		104AD59731DD636014527C32 /* AppState.swift in Sources */ = {isa = PBXBuildFile; fileRef = 731C6424BA47E687DA4D8B8E /* AppState.swift */; };
		34EDBA181BFF1A328CE9EF7E /* Preference.swift in Sources */ = {isa = PBXBuildFile; fileRef = EE1B4B9110649C212A662198 /* Preference.swift */; };
		436B4133F8ECC0DE91639CBE /* States.swift in Sources */ = {isa = PBXBuildFile; fileRef = 33C19D337F8630450D0389C0 /* States.swift */; };
		44AB5875A1F56CA96E413FE3 /* RegionBrowserView.swift in Sources */ = {isa = PBXBuildFile; fileRef = 9BD55E00D21120A53A95A2EE /* RegionBrowserView.swift */; };
		50AA66BFC895C03DE5A8C9D9 /* Foundation.framework in Frameworks */ = {isa = PBXBuildFile; fileRef = EF27C9DC24E30195B456715E /* Foundation.framework */; };
		5473B929AF15D0E717261D20 /* PreferencesView.swift in Sources */ = {isa = PBXBuildFile; fileRef = 3C0D9FBEDC1925506442F1C7 /* PreferencesView.swift */; };
		5AAF3F706DFCC95F126AE51F /* EventMapView.swift in Sources */ = {isa = PBXBuildFile; fileRef = CD714D1A82CD6C5080092E1A /* EventMapView.swift */; };
		683E7F8CB69AD33DD339858A /* PulseApp.swift in Sources */ = {isa = PBXBuildFile; fileRef = 55376AF6F20FC6270EEA2B50 /* PulseApp.swift */; };
		7323C84E8F0346E8DB0EA91D /* PlaceOverride.swift in Sources */ = {isa = PBXBuildFile; fileRef = EB3320EFE372A453AEF3C898 /* PlaceOverride.swift */; };
		87D4FFB8E2938C17AA8E22AA /* Theme.swift in Sources */ = {isa = PBXBuildFile; fileRef = 5091E54E5EC65E5B0D975E2B /* Theme.swift */; };
		95C15BEF1FB7EBC1181A11C9 /* EventDetailView.swift in Sources */ = {isa = PBXBuildFile; fileRef = 20D00340C9EA04ED16B6E376 /* EventDetailView.swift */; };
		A17F7E892A55C05D7AF67723 /* EventCard.swift in Sources */ = {isa = PBXBuildFile; fileRef = 54374A58CDECF4947757F70A /* EventCard.swift */; };
		A397DA6A2A156187E03EB747 /* IPadMapPane.swift in Sources */ = {isa = PBXBuildFile; fileRef = A025C7779AC76CB7DA0E7D90 /* IPadMapPane.swift */; };
		A6A59B170D9DAF3E6079658D /* SavedView.swift in Sources */ = {isa = PBXBuildFile; fileRef = 0231CDA225E3B5A199DFA229 /* SavedView.swift */; };
		AA9101AEE79D7DD00A18BF2F /* OnboardingView.swift in Sources */ = {isa = PBXBuildFile; fileRef = 7E98C4E8FC77C97F0FA7559C /* OnboardingView.swift */; };
		AEC0212A31EC83BBAFC5886A /* DiscoverView.swift in Sources */ = {isa = PBXBuildFile; fileRef = E4F536E18135EA120D61B1BA /* DiscoverView.swift */; };
		C95BD276F6E74A15F66859F6 /* EventService.swift in Sources */ = {isa = PBXBuildFile; fileRef = B7AF17DFCBB1EC44F5DD949D /* EventService.swift */; };
		D713A603329979D5FAA32502 /* Event.swift in Sources */ = {isa = PBXBuildFile; fileRef = 6F9042456FD6678627379E6D /* Event.swift */; };
		DA059050FFA828515A6F404F /* IPadSupport.swift in Sources */ = {isa = PBXBuildFile; fileRef = 8CC7F5A444F315D21BE6F38F /* IPadSupport.swift */; };
		E11A1FF4343F03B4D85BC15B /* SearchView.swift in Sources */ = {isa = PBXBuildFile; fileRef = 45A0300172E5E0D2BC8BBEA8 /* SearchView.swift */; };
		EC3635EA173C722BDCCFF065 /* IPadShell.swift in Sources */ = {isa = PBXBuildFile; fileRef = 1E4B3D51EC4F1681FAF5C045 /* IPadShell.swift */; };
/* End PBXBuildFile section */

/* Begin PBXFileReference section */
		0231CDA225E3B5A199DFA229 /* SavedView.swift */ = {isa = PBXFileReference; includeInIndex = 1; lastKnownFileType = sourcecode.swift; name = SavedView.swift; path = Views/SavedView.swift; sourceTree = "<group>"; };
		1E4B3D51EC4F1681FAF5C045 /* IPadShell.swift */ = {isa = PBXFileReference; includeInIndex = 1; lastKnownFileType = sourcecode.swift; name = IPadShell.swift; path = Views/iPad/IPadShell.swift; sourceTree = "<group>"; };
		20D00340C9EA04ED16B6E376 /* EventDetailView.swift */ = {isa = PBXFileReference; includeInIndex = 1; lastKnownFileType = sourcecode.swift; name = EventDetailView.swift; path = Views/EventDetailView.swift; sourceTree = "<group>"; };
		227F8D2B075E2FEA39E0D4BA /* Info.plist */ = {isa = PBXFileReference; includeInIndex = 1; lastKnownFileType = text.plist.xml; path = Info.plist; sourceTree = "<group>"; };
		33362B1A90B01B6E0ABD5893 /* DateQueryParser.swift */ = {isa = PBXFileReference; includeInIndex = 1; lastKnownFileType = sourcecode.swift; name = DateQueryParser.swift; path = Models/DateQueryParser.swift; sourceTree = "<group>"; };
		33C19D337F8630450D0389C0 /* States.swift */ = {isa = PBXFileReference; includeInIndex = 1; lastKnownFileType = sourcecode.swift; name = States.swift; path = Views/States.swift; sourceTree = "<group>"; };
		3C0D9FBEDC1925506442F1C7 /* PreferencesView.swift */ = {isa = PBXFileReference; includeInIndex = 1; lastKnownFileType = sourcecode.swift; name = PreferencesView.swift; path = Views/PreferencesView.swift; sourceTree = "<group>"; };
		45A0300172E5E0D2BC8BBEA8 /* SearchView.swift */ = {isa = PBXFileReference; includeInIndex = 1; lastKnownFileType = sourcecode.swift; name = SearchView.swift; path = Views/SearchView.swift; sourceTree = "<group>"; };
		5091E54E5EC65E5B0D975E2B /* Theme.swift */ = {isa = PBXFileReference; includeInIndex = 1; lastKnownFileType = sourcecode.swift; name = Theme.swift; path = Design/Theme.swift; sourceTree = "<group>"; };
		54374A58CDECF4947757F70A /* EventCard.swift */ = {isa = PBXFileReference; includeInIndex = 1; lastKnownFileType = sourcecode.swift; name = EventCard.swift; path = Views/EventCard.swift; sourceTree = "<group>"; };
		55376AF6F20FC6270EEA2B50 /* PulseApp.swift */ = {isa = PBXFileReference; includeInIndex = 1; lastKnownFileType = sourcecode.swift; name = PulseApp.swift; path = Views/PulseApp.swift; sourceTree = "<group>"; };
		6F9042456FD6678627379E6D /* Event.swift */ = {isa = PBXFileReference; includeInIndex = 1; lastKnownFileType = sourcecode.swift; name = Event.swift; path = Models/Event.swift; sourceTree = "<group>"; };
		731C6424BA47E687DA4D8B8E /* AppState.swift */ = {isa = PBXFileReference; includeInIndex = 1; lastKnownFileType = sourcecode.swift; name = AppState.swift; path = State/AppState.swift; sourceTree = "<group>"; };
		7E98C4E8FC77C97F0FA7559C /* OnboardingView.swift */ = {isa = PBXFileReference; includeInIndex = 1; lastKnownFileType = sourcecode.swift; name = OnboardingView.swift; path = Views/OnboardingView.swift; sourceTree = "<group>"; };
		8CC7F5A444F315D21BE6F38F /* IPadSupport.swift */ = {isa = PBXFileReference; includeInIndex = 1; lastKnownFileType = sourcecode.swift; name = IPadSupport.swift; path = Views/iPad/IPadSupport.swift; sourceTree = "<group>"; };
		9BD55E00D21120A53A95A2EE /* RegionBrowserView.swift */ = {isa = PBXFileReference; includeInIndex = 1; lastKnownFileType = sourcecode.swift; name = RegionBrowserView.swift; path = Views/RegionBrowserView.swift; sourceTree = "<group>"; };
		A025C7779AC76CB7DA0E7D90 /* IPadMapPane.swift */ = {isa = PBXFileReference; includeInIndex = 1; lastKnownFileType = sourcecode.swift; name = IPadMapPane.swift; path = Views/iPad/IPadMapPane.swift; sourceTree = "<group>"; };
		B7AF17DFCBB1EC44F5DD949D /* EventService.swift */ = {isa = PBXFileReference; includeInIndex = 1; lastKnownFileType = sourcecode.swift; name = EventService.swift; path = Services/EventService.swift; sourceTree = "<group>"; };
		CD714D1A82CD6C5080092E1A /* EventMapView.swift */ = {isa = PBXFileReference; includeInIndex = 1; lastKnownFileType = sourcecode.swift; name = EventMapView.swift; path = Views/EventMapView.swift; sourceTree = "<group>"; };
		D24F2B120BDCA25F80228FC0 /* Pulse.app */ = {isa = PBXFileReference; explicitFileType = wrapper.application; includeInIndex = 0; path = Pulse.app; sourceTree = BUILT_PRODUCTS_DIR; };
		D3D02A162AA82D0E667404DD /* Assets.xcassets */ = {isa = PBXFileReference; includeInIndex = 1; lastKnownFileType = folder.assetcatalog; path = Assets.xcassets; sourceTree = "<group>"; };
		E4F536E18135EA120D61B1BA /* DiscoverView.swift */ = {isa = PBXFileReference; includeInIndex = 1; lastKnownFileType = sourcecode.swift; name = DiscoverView.swift; path = Views/DiscoverView.swift; sourceTree = "<group>"; };
		EB3320EFE372A453AEF3C898 /* PlaceOverride.swift */ = {isa = PBXFileReference; includeInIndex = 1; lastKnownFileType = sourcecode.swift; name = PlaceOverride.swift; path = Models/PlaceOverride.swift; sourceTree = "<group>"; };
		EE1B4B9110649C212A662198 /* Preference.swift */ = {isa = PBXFileReference; includeInIndex = 1; lastKnownFileType = sourcecode.swift; name = Preference.swift; path = Models/Preference.swift; sourceTree = "<group>"; };
		EF27C9DC24E30195B456715E /* Foundation.framework */ = {isa = PBXFileReference; lastKnownFileType = wrapper.framework; name = Foundation.framework; path = Platforms/iPhoneOS.platform/Developer/SDKs/iPhoneOS26.0.sdk/System/Library/Frameworks/Foundation.framework; sourceTree = DEVELOPER_DIR; };
/* End PBXFileReference section */

/* Begin PBXFrameworksBuildPhase section */
		670A17847A304FE9DA970B08 /* Frameworks */ = {
			isa = PBXFrameworksBuildPhase;
			buildActionMask = 2147483647;
			files = (
				50AA66BFC895C03DE5A8C9D9 /* Foundation.framework in Frameworks */,
			);
			runOnlyForDeploymentPostprocessing = 0;
		};
/* End PBXFrameworksBuildPhase section */

/* Begin PBXGroup section */
		25A7EB96E6B986CCD2EE11AD = {
			isa = PBXGroup;
			children = (
				F02E04E283FE7BCB0EEA4B88 /* Products */,
				983ECC373770150A62ECF797 /* Frameworks */,
				A9D2A8BB377289288F05A3AB /* Pulse */,
			);
			sourceTree = "<group>";
		};
		983ECC373770150A62ECF797 /* Frameworks */ = {
			isa = PBXGroup;
			children = (
				E454E571FAB50933A7D6C89E /* iOS */,
			);
			name = Frameworks;
			sourceTree = "<group>";
		};
		A9D2A8BB377289288F05A3AB /* Pulse */ = {
			isa = PBXGroup;
			children = (
				5091E54E5EC65E5B0D975E2B /* Theme.swift */,
				33362B1A90B01B6E0ABD5893 /* DateQueryParser.swift */,
				6F9042456FD6678627379E6D /* Event.swift */,
				EB3320EFE372A453AEF3C898 /* PlaceOverride.swift */,
				EE1B4B9110649C212A662198 /* Preference.swift */,
				B7AF17DFCBB1EC44F5DD949D /* EventService.swift */,
				731C6424BA47E687DA4D8B8E /* AppState.swift */,
				E4F536E18135EA120D61B1BA /* DiscoverView.swift */,
				54374A58CDECF4947757F70A /* EventCard.swift */,
				20D00340C9EA04ED16B6E376 /* EventDetailView.swift */,
				CD714D1A82CD6C5080092E1A /* EventMapView.swift */,
				7E98C4E8FC77C97F0FA7559C /* OnboardingView.swift */,
				3C0D9FBEDC1925506442F1C7 /* PreferencesView.swift */,
				55376AF6F20FC6270EEA2B50 /* PulseApp.swift */,
				9BD55E00D21120A53A95A2EE /* RegionBrowserView.swift */,
				0231CDA225E3B5A199DFA229 /* SavedView.swift */,
				45A0300172E5E0D2BC8BBEA8 /* SearchView.swift */,
				33C19D337F8630450D0389C0 /* States.swift */,
				A025C7779AC76CB7DA0E7D90 /* IPadMapPane.swift */,
				1E4B3D51EC4F1681FAF5C045 /* IPadShell.swift */,
				8CC7F5A444F315D21BE6F38F /* IPadSupport.swift */,
				227F8D2B075E2FEA39E0D4BA /* Info.plist */,
				D3D02A162AA82D0E667404DD /* Assets.xcassets */,
			);
			name = Pulse;
			path = Pulse;
			sourceTree = "<group>";
		};
		E454E571FAB50933A7D6C89E /* iOS */ = {
			isa = PBXGroup;
			children = (
				EF27C9DC24E30195B456715E /* Foundation.framework */,
			);
			name = iOS;
			sourceTree = "<group>";
		};
		F02E04E283FE7BCB0EEA4B88 /* Products */ = {
			isa = PBXGroup;
			children = (
				D24F2B120BDCA25F80228FC0 /* Pulse.app */,
			);
			name = Products;
			sourceTree = "<group>";
		};
/* End PBXGroup section */

/* Begin PBXNativeTarget section */
		21749A61BED90EBE30B5F03A /* Pulse */ = {
			isa = PBXNativeTarget;
			buildConfigurationList = 116AE01ACDD1BF50CBE47409 /* Build configuration list for PBXNativeTarget "Pulse" */;
			buildPhases = (
				E3ED44EBA1CEEA253756099C /* Sources */,
				670A17847A304FE9DA970B08 /* Frameworks */,
				FCDF6D48BC34739557103941 /* Resources */,
			);
			buildRules = (
			);
			dependencies = (
			);
			name = Pulse;
			productName = Pulse;
			productReference = D24F2B120BDCA25F80228FC0 /* Pulse.app */;
			productType = "com.apple.product-type.application";
		};
/* End PBXNativeTarget section */

/* Begin PBXProject section */
		4F7B6491CBF4A70E747E02C3 /* Project object */ = {
			isa = PBXProject;
			attributes = {
				LastSwiftUpdateCheck = 1600;
				LastUpgradeCheck = 1600;
			};
			buildConfigurationList = 08F8BD0EADD242BDAC414B42 /* Build configuration list for PBXProject "Pulse" */;
			compatibilityVersion = "Xcode 3.2";
			developmentRegion = en;
			hasScannedForEncodings = 0;
			knownRegions = (
				en,
				Base,
			);
			mainGroup = 25A7EB96E6B986CCD2EE11AD;
			minimizedProjectReferenceProxies = 0;
			preferredProjectObjectVersion = 100;
			productRefGroup = F02E04E283FE7BCB0EEA4B88 /* Products */;
			projectDirPath = "";
			projectRoot = "";
			targets = (
				21749A61BED90EBE30B5F03A /* Pulse */,
			);
		};
/* End PBXProject section */

/* Begin PBXResourcesBuildPhase section */
		FCDF6D48BC34739557103941 /* Resources */ = {
			isa = PBXResourcesBuildPhase;
			buildActionMask = 2147483647;
			files = (
				05F1B8317F2F323E70DBADBB /* Assets.xcassets in Resources */,
			);
			runOnlyForDeploymentPostprocessing = 0;
		};
/* End PBXResourcesBuildPhase section */

/* Begin PBXSourcesBuildPhase section */
		E3ED44EBA1CEEA253756099C /* Sources */ = {
			isa = PBXSourcesBuildPhase;
			buildActionMask = 2147483647;
			files = (
				87D4FFB8E2938C17AA8E22AA /* Theme.swift in Sources */,
				0B4C4F1A62252C4C1A83D37D /* DateQueryParser.swift in Sources */,
				D713A603329979D5FAA32502 /* Event.swift in Sources */,
				7323C84E8F0346E8DB0EA91D /* PlaceOverride.swift in Sources */,
				34EDBA181BFF1A328CE9EF7E /* Preference.swift in Sources */,
				C95BD276F6E74A15F66859F6 /* EventService.swift in Sources */,
				104AD59731DD636014527C32 /* AppState.swift in Sources */,
				AEC0212A31EC83BBAFC5886A /* DiscoverView.swift in Sources */,
				A17F7E892A55C05D7AF67723 /* EventCard.swift in Sources */,
				95C15BEF1FB7EBC1181A11C9 /* EventDetailView.swift in Sources */,
				5AAF3F706DFCC95F126AE51F /* EventMapView.swift in Sources */,
				AA9101AEE79D7DD00A18BF2F /* OnboardingView.swift in Sources */,
				5473B929AF15D0E717261D20 /* PreferencesView.swift in Sources */,
				683E7F8CB69AD33DD339858A /* PulseApp.swift in Sources */,
				44AB5875A1F56CA96E413FE3 /* RegionBrowserView.swift in Sources */,
				A6A59B170D9DAF3E6079658D /* SavedView.swift in Sources */,
				E11A1FF4343F03B4D85BC15B /* SearchView.swift in Sources */,
				436B4133F8ECC0DE91639CBE /* States.swift in Sources */,
				A397DA6A2A156187E03EB747 /* IPadMapPane.swift in Sources */,
				EC3635EA173C722BDCCFF065 /* IPadShell.swift in Sources */,
				DA059050FFA828515A6F404F /* IPadSupport.swift in Sources */,
			);
			runOnlyForDeploymentPostprocessing = 0;
		};
/* End PBXSourcesBuildPhase section */

/* Begin XCBuildConfiguration section */
		28485F2F2841E0161910BC3E /* Release */ = {
			isa = XCBuildConfiguration;
			buildSettings = {
				ASSETCATALOG_COMPILER_APPICON_NAME = AppIcon;
				ASSETCATALOG_COMPILER_GLOBAL_ACCENT_COLOR_NAME = "";
				CLANG_ENABLE_OBJC_WEAK = NO;
				CODE_SIGN_STYLE = Automatic;
				DEVELOPMENT_LANGUAGE = "en-GB";
				DEVELOPMENT_TEAM = CRLGA87MAF;
				ENABLE_PREVIEWS = YES;
				GENERATE_INFOPLIST_FILE = NO;
				INFOPLIST_FILE = Pulse/Info.plist;
				IPHONEOS_DEPLOYMENT_TARGET = 17.0;
				LD_RUNPATH_SEARCH_PATHS = "$(inherited) @executable_path/Frameworks";
				PRODUCT_BUNDLE_IDENTIFIER = com.voice2jobs.pulseuk;
				PRODUCT_NAME = "$(TARGET_NAME)";
				SDKROOT = iphoneos;
				SWIFT_VERSION = 5.0;
				TARGETED_DEVICE_FAMILY = "1,2";
				VALIDATE_PRODUCT = YES;
			};
			name = Release;
		};
		44F1471E490B8C6653A5E9B3 /* Debug */ = {
			isa = XCBuildConfiguration;
			buildSettings = {
				ASSETCATALOG_COMPILER_APPICON_NAME = AppIcon;
				ASSETCATALOG_COMPILER_GLOBAL_ACCENT_COLOR_NAME = "";
				CLANG_ENABLE_OBJC_WEAK = NO;
				CODE_SIGN_STYLE = Automatic;
				DEVELOPMENT_LANGUAGE = "en-GB";
				DEVELOPMENT_TEAM = CRLGA87MAF;
				ENABLE_PREVIEWS = YES;
				GENERATE_INFOPLIST_FILE = NO;
				INFOPLIST_FILE = Pulse/Info.plist;
				IPHONEOS_DEPLOYMENT_TARGET = 17.0;
				LD_RUNPATH_SEARCH_PATHS = "$(inherited) @executable_path/Frameworks";
				PRODUCT_BUNDLE_IDENTIFIER = com.voice2jobs.pulseuk;
				PRODUCT_NAME = "$(TARGET_NAME)";
				SDKROOT = iphoneos;
				SWIFT_VERSION = 5.0;
				TARGETED_DEVICE_FAMILY = "1,2";
			};
			name = Debug;
		};
		CBDBADF332169AC2D8B1B066 /* Debug */ = {
			isa = XCBuildConfiguration;
			buildSettings = {
				ALWAYS_SEARCH_USER_PATHS = NO;
				CLANG_ANALYZER_NONNULL = YES;
				CLANG_ANALYZER_NUMBER_OBJECT_CONVERSION = YES_AGGRESSIVE;
				CLANG_CXX_LANGUAGE_STANDARD = "gnu++14";
				CLANG_CXX_LIBRARY = "libc++";
				CLANG_ENABLE_MODULES = YES;
				CLANG_ENABLE_OBJC_ARC = YES;
				CLANG_ENABLE_OBJC_WEAK = YES;
				CLANG_WARN_BLOCK_CAPTURE_AUTORELEASING = YES;
				CLANG_WARN_BOOL_CONVERSION = YES;
				CLANG_WARN_COMMA = YES;
				CLANG_WARN_CONSTANT_CONVERSION = YES;
				CLANG_WARN_DEPRECATED_OBJC_IMPLEMENTATIONS = YES;
				CLANG_WARN_DIRECT_OBJC_ISA_USAGE = YES_ERROR;
				CLANG_WARN_DOCUMENTATION_COMMENTS = YES;
				CLANG_WARN_EMPTY_BODY = YES;
				CLANG_WARN_ENUM_CONVERSION = YES;
				CLANG_WARN_INFINITE_RECURSION = YES;
				CLANG_WARN_INT_CONVERSION = YES;
				CLANG_WARN_NON_LITERAL_NULL_CONVERSION = YES;
				CLANG_WARN_OBJC_IMPLICIT_RETAIN_SELF = YES;
				CLANG_WARN_OBJC_LITERAL_CONVERSION = YES;
				CLANG_WARN_OBJC_ROOT_CLASS = YES_ERROR;
				CLANG_WARN_QUOTED_INCLUDE_IN_FRAMEWORK_HEADER = YES;
				CLANG_WARN_RANGE_LOOP_ANALYSIS = YES;
				CLANG_WARN_STRICT_PROTOTYPES = YES;
				CLANG_WARN_SUSPICIOUS_MOVE = YES;
				CLANG_WARN_UNGUARDED_AVAILABILITY = YES_AGGRESSIVE;
				CLANG_WARN_UNREACHABLE_CODE = YES;
				CLANG_WARN__DUPLICATE_METHOD_MATCH = YES;
				COPY_PHASE_STRIP = NO;
				DEBUG_INFORMATION_FORMAT = dwarf;
				ENABLE_STRICT_OBJC_MSGSEND = YES;
				ENABLE_TESTABILITY = YES;
				GCC_C_LANGUAGE_STANDARD = gnu11;
				GCC_DYNAMIC_NO_PIC = NO;
				GCC_NO_COMMON_BLOCKS = YES;
				GCC_OPTIMIZATION_LEVEL = 0;
				GCC_PREPROCESSOR_DEFINITIONS = (
					"DEBUG=1",
					"$(inherited)",
				);
				GCC_WARN_64_TO_32_BIT_CONVERSION = YES;
				GCC_WARN_ABOUT_RETURN_TYPE = YES_ERROR;
				GCC_WARN_UNDECLARED_SELECTOR = YES;
				GCC_WARN_UNINITIALIZED_AUTOS = YES_AGGRESSIVE;
				GCC_WARN_UNUSED_FUNCTION = YES;
				GCC_WARN_UNUSED_VARIABLE = YES;
				MTL_ENABLE_DEBUG_INFO = INCLUDE_SOURCE;
				MTL_FAST_MATH = YES;
				ONLY_ACTIVE_ARCH = YES;
				PRODUCT_NAME = "$(TARGET_NAME)";
				SWIFT_ACTIVE_COMPILATION_CONDITIONS = DEBUG;
				SWIFT_OPTIMIZATION_LEVEL = "-Onone";
				SWIFT_VERSION = 5.0;
			};
			name = Debug;
		};
		F99DA38C620D844D596C8C02 /* Release */ = {
			isa = XCBuildConfiguration;
			buildSettings = {
				ALWAYS_SEARCH_USER_PATHS = NO;
				CLANG_ANALYZER_NONNULL = YES;
				CLANG_ANALYZER_NUMBER_OBJECT_CONVERSION = YES_AGGRESSIVE;
				CLANG_CXX_LANGUAGE_STANDARD = "gnu++14";
				CLANG_CXX_LIBRARY = "libc++";
				CLANG_ENABLE_MODULES = YES;
				CLANG_ENABLE_OBJC_ARC = YES;
				CLANG_ENABLE_OBJC_WEAK = YES;
				CLANG_WARN_BLOCK_CAPTURE_AUTORELEASING = YES;
				CLANG_WARN_BOOL_CONVERSION = YES;
				CLANG_WARN_COMMA = YES;
				CLANG_WARN_CONSTANT_CONVERSION = YES;
				CLANG_WARN_DEPRECATED_OBJC_IMPLEMENTATIONS = YES;
				CLANG_WARN_DIRECT_OBJC_ISA_USAGE = YES_ERROR;
				CLANG_WARN_DOCUMENTATION_COMMENTS = YES;
				CLANG_WARN_EMPTY_BODY = YES;
				CLANG_WARN_ENUM_CONVERSION = YES;
				CLANG_WARN_INFINITE_RECURSION = YES;
				CLANG_WARN_INT_CONVERSION = YES;
				CLANG_WARN_NON_LITERAL_NULL_CONVERSION = YES;
				CLANG_WARN_OBJC_IMPLICIT_RETAIN_SELF = YES;
				CLANG_WARN_OBJC_LITERAL_CONVERSION = YES;
				CLANG_WARN_OBJC_ROOT_CLASS = YES_ERROR;
				CLANG_WARN_QUOTED_INCLUDE_IN_FRAMEWORK_HEADER = YES;
				CLANG_WARN_RANGE_LOOP_ANALYSIS = YES;
				CLANG_WARN_STRICT_PROTOTYPES = YES;
				CLANG_WARN_SUSPICIOUS_MOVE = YES;
				CLANG_WARN_UNGUARDED_AVAILABILITY = YES_AGGRESSIVE;
				CLANG_WARN_UNREACHABLE_CODE = YES;
				CLANG_WARN__DUPLICATE_METHOD_MATCH = YES;
				COPY_PHASE_STRIP = NO;
				DEBUG_INFORMATION_FORMAT = "dwarf-with-dsym";
				ENABLE_NS_ASSERTIONS = NO;
				ENABLE_STRICT_OBJC_MSGSEND = YES;
				GCC_C_LANGUAGE_STANDARD = gnu11;
				GCC_NO_COMMON_BLOCKS = YES;
				GCC_WARN_64_TO_32_BIT_CONVERSION = YES;
				GCC_WARN_ABOUT_RETURN_TYPE = YES_ERROR;
				GCC_WARN_UNDECLARED_SELECTOR = YES;
				GCC_WARN_UNINITIALIZED_AUTOS = YES_AGGRESSIVE;
				GCC_WARN_UNUSED_FUNCTION = YES;
				GCC_WARN_UNUSED_VARIABLE = YES;
				MTL_ENABLE_DEBUG_INFO = NO;
				MTL_FAST_MATH = YES;
				PRODUCT_NAME = "$(TARGET_NAME)";
				SWIFT_COMPILATION_MODE = wholemodule;
				SWIFT_OPTIMIZATION_LEVEL = "-O";
				SWIFT_VERSION = 5.0;
			};
			name = Release;
		};
/* End XCBuildConfiguration section */

/* Begin XCConfigurationList section */
		08F8BD0EADD242BDAC414B42 /* Build configuration list for PBXProject "Pulse" */ = {
			isa = XCConfigurationList;
			buildConfigurations = (
				CBDBADF332169AC2D8B1B066 /* Debug */,
				F99DA38C620D844D596C8C02 /* Release */,
			);
			defaultConfigurationIsVisible = 0;
			defaultConfigurationName = Release;
		};
		116AE01ACDD1BF50CBE47409 /* Build configuration list for PBXNativeTarget "Pulse" */ = {
			isa = XCConfigurationList;
			buildConfigurations = (
				28485F2F2841E0161910BC3E /* Release */,
				44F1471E490B8C6653A5E9B3 /* Debug */,
			);
			defaultConfigurationIsVisible = 0;
			defaultConfigurationName = Release;
		};
/* End XCConfigurationList section */
	};
	rootObject = 4F7B6491CBF4A70E747E02C3 /* Project object */;
}
