// !$*UTF8*$!
{
	archiveVersion = 1;
	classes = {
	};
	objectVersion = 46;
	objects = {

/* Begin PBXBuildFile section */
		0A2BE0FD83A168241EEFD7A4 /* PulseApp.swift in Sources */ = {isa = PBXBuildFile; fileRef = 7880AB3D3642FC4B79B17669 /* PulseApp.swift */; };
		0B06CE8F6EDF3EF82B57E10B /* PreferencesView.swift in Sources */ = {isa = PBXBuildFile; fileRef = B4E98C623C88110584B18850 /* PreferencesView.swift */; };
		1177B079C9BE0A3626243087 /* EventMapView.swift in Sources */ = {isa = PBXBuildFile; fileRef = DFC8EF70242E0279E0E64A4D /* EventMapView.swift */; };
		187CE20B6A50BB8D2E3C393A /* AppState.swift in Sources */ = {isa = PBXBuildFile; fileRef = 30091BA7B23579073335F36C /* AppState.swift */; };
		1E21E2C8E9D7492E073E71CE /* PlaceOverride.swift in Sources */ = {isa = PBXBuildFile; fileRef = 16A57FE1141812941C7A42EB /* PlaceOverride.swift */; };
		27BE7DB2846DA7D2DE8B2587 /* States.swift in Sources */ = {isa = PBXBuildFile; fileRef = 31D4F8967D1624C5D5E7630B /* States.swift */; };
		2FEDC5C0A17528194FB9B444 /* EventDetailView.swift in Sources */ = {isa = PBXBuildFile; fileRef = 1408B59524EC00633CD3FEA3 /* EventDetailView.swift */; };
		4C5E919BAE384F2B7E96C677 /* Foundation.framework in Frameworks */ = {isa = PBXBuildFile; fileRef = EAFF3F7F7A86867E1A133591 /* Foundation.framework */; };
		7760BA8DE5B915E9686D1355 /* SearchView.swift in Sources */ = {isa = PBXBuildFile; fileRef = 5F39267587D9988DD8E73935 /* SearchView.swift */; };
		77C53A21B0A5953A7F7F1EC6 /* Assets.xcassets in Resources */ = {isa = PBXBuildFile; fileRef = BD219C2CF31FA3A8AE8834C8 /* Assets.xcassets */; };
		7AAB12C95EAD496F79D420FF /* SavedView.swift in Sources */ = {isa = PBXBuildFile; fileRef = F20F206F970F425A8582FAE1 /* SavedView.swift */; };
		7AACA1DCB40F52B9428CF47A /* DateQueryParser.swift in Sources */ = {isa = PBXBuildFile; fileRef = 545392D2C8393350267D8CC0 /* DateQueryParser.swift */; };
		87E183B5BDB71D72FDE92AFF /* IPadMapPane.swift in Sources */ = {isa = PBXBuildFile; fileRef = EB842C2E1BA145C01DDCC4CA /* IPadMapPane.swift */; };
		8D961A5339481A3278B13418 /* EventCard.swift in Sources */ = {isa = PBXBuildFile; fileRef = 6EF176D2A41438BE0CE62E00 /* EventCard.swift */; };
		9A964360FFB59103E547D550 /* RegionBrowserView.swift in Sources */ = {isa = PBXBuildFile; fileRef = 9EAE647B4273D35F58A5D2E9 /* RegionBrowserView.swift */; };
		A2A20BBD3B0B78B459AC5FB3 /* Event.swift in Sources */ = {isa = PBXBuildFile; fileRef = 5DFCA368AFC8637351E5F348 /* Event.swift */; };
		A46E0CAD5C8C0FD6CA7E793B /* Theme.swift in Sources */ = {isa = PBXBuildFile; fileRef = F5364DE2FCFAD7F2939409E9 /* Theme.swift */; };
		B3965191B8A6FC24A8E51336 /* IPadSupport.swift in Sources */ = {isa = PBXBuildFile; fileRef = AC8692E9B28F02AD4A8EEFB4 /* IPadSupport.swift */; };
		BED75CCB63CA7B6A14108E35 /* EventService.swift in Sources */ = {isa = PBXBuildFile; fileRef = 6BE1D69C3654D4D34D54FF1E /* EventService.swift */; };
		C14DF61486404E311E117E79 /* DiscoverView.swift in Sources */ = {isa = PBXBuildFile; fileRef = 02F9F649F99C5FA0238E1F2C /* DiscoverView.swift */; };
		D0A4851B31C7273286C1798C /* OnboardingView.swift in Sources */ = {isa = PBXBuildFile; fileRef = 0B05F5A965EB276186A947DD /* OnboardingView.swift */; };
		D316AF02E09B9FB3CE45978F /* IPadShell.swift in Sources */ = {isa = PBXBuildFile; fileRef = 59DA6FE4FC5E125223B4CE1D /* IPadShell.swift */; };
		F437C612FA045C7DC829F11A /* Preference.swift in Sources */ = {isa = PBXBuildFile; fileRef = 0F2CE51D2F7526DF059ADF40 /* Preference.swift */; };
/* End PBXBuildFile section */

/* Begin PBXFileReference section */
		02F9F649F99C5FA0238E1F2C /* DiscoverView.swift */ = {isa = PBXFileReference; includeInIndex = 1; lastKnownFileType = sourcecode.swift; name = DiscoverView.swift; path = Views/DiscoverView.swift; sourceTree = "<group>"; };
		0B05F5A965EB276186A947DD /* OnboardingView.swift */ = {isa = PBXFileReference; includeInIndex = 1; lastKnownFileType = sourcecode.swift; name = OnboardingView.swift; path = Views/OnboardingView.swift; sourceTree = "<group>"; };
		0F2CE51D2F7526DF059ADF40 /* Preference.swift */ = {isa = PBXFileReference; includeInIndex = 1; lastKnownFileType = sourcecode.swift; name = Preference.swift; path = Models/Preference.swift; sourceTree = "<group>"; };
		1408B59524EC00633CD3FEA3 /* EventDetailView.swift */ = {isa = PBXFileReference; includeInIndex = 1; lastKnownFileType = sourcecode.swift; name = EventDetailView.swift; path = Views/EventDetailView.swift; sourceTree = "<group>"; };
		16A57FE1141812941C7A42EB /* PlaceOverride.swift */ = {isa = PBXFileReference; includeInIndex = 1; lastKnownFileType = sourcecode.swift; name = PlaceOverride.swift; path = Models/PlaceOverride.swift; sourceTree = "<group>"; };
		30091BA7B23579073335F36C /* AppState.swift */ = {isa = PBXFileReference; includeInIndex = 1; lastKnownFileType = sourcecode.swift; name = AppState.swift; path = State/AppState.swift; sourceTree = "<group>"; };
		31D4F8967D1624C5D5E7630B /* States.swift */ = {isa = PBXFileReference; includeInIndex = 1; lastKnownFileType = sourcecode.swift; name = States.swift; path = Views/States.swift; sourceTree = "<group>"; };
		545392D2C8393350267D8CC0 /* DateQueryParser.swift */ = {isa = PBXFileReference; includeInIndex = 1; lastKnownFileType = sourcecode.swift; name = DateQueryParser.swift; path = Models/DateQueryParser.swift; sourceTree = "<group>"; };
		59DA6FE4FC5E125223B4CE1D /* IPadShell.swift */ = {isa = PBXFileReference; includeInIndex = 1; lastKnownFileType = sourcecode.swift; name = IPadShell.swift; path = Views/iPad/IPadShell.swift; sourceTree = "<group>"; };
		5DFCA368AFC8637351E5F348 /* Event.swift */ = {isa = PBXFileReference; includeInIndex = 1; lastKnownFileType = sourcecode.swift; name = Event.swift; path = Models/Event.swift; sourceTree = "<group>"; };
		5F39267587D9988DD8E73935 /* SearchView.swift */ = {isa = PBXFileReference; includeInIndex = 1; lastKnownFileType = sourcecode.swift; name = SearchView.swift; path = Views/SearchView.swift; sourceTree = "<group>"; };
		6BE1D69C3654D4D34D54FF1E /* EventService.swift */ = {isa = PBXFileReference; includeInIndex = 1; lastKnownFileType = sourcecode.swift; name = EventService.swift; path = Services/EventService.swift; sourceTree = "<group>"; };
		6EF176D2A41438BE0CE62E00 /* EventCard.swift */ = {isa = PBXFileReference; includeInIndex = 1; lastKnownFileType = sourcecode.swift; name = EventCard.swift; path = Views/EventCard.swift; sourceTree = "<group>"; };
		7880AB3D3642FC4B79B17669 /* PulseApp.swift */ = {isa = PBXFileReference; includeInIndex = 1; lastKnownFileType = sourcecode.swift; name = PulseApp.swift; path = Views/PulseApp.swift; sourceTree = "<group>"; };
		9EAE647B4273D35F58A5D2E9 /* RegionBrowserView.swift */ = {isa = PBXFileReference; includeInIndex = 1; lastKnownFileType = sourcecode.swift; name = RegionBrowserView.swift; path = Views/RegionBrowserView.swift; sourceTree = "<group>"; };
		AC8692E9B28F02AD4A8EEFB4 /* IPadSupport.swift */ = {isa = PBXFileReference; includeInIndex = 1; lastKnownFileType = sourcecode.swift; name = IPadSupport.swift; path = Views/iPad/IPadSupport.swift; sourceTree = "<group>"; };
		AE39A873CA5AACA6C1AA9AE3 /* Info.plist */ = {isa = PBXFileReference; includeInIndex = 1; lastKnownFileType = text.plist.xml; path = Info.plist; sourceTree = "<group>"; };
		B4E98C623C88110584B18850 /* PreferencesView.swift */ = {isa = PBXFileReference; includeInIndex = 1; lastKnownFileType = sourcecode.swift; name = PreferencesView.swift; path = Views/PreferencesView.swift; sourceTree = "<group>"; };
		BD219C2CF31FA3A8AE8834C8 /* Assets.xcassets */ = {isa = PBXFileReference; includeInIndex = 1; lastKnownFileType = folder.assetcatalog; path = Assets.xcassets; sourceTree = "<group>"; };
		DFC8EF70242E0279E0E64A4D /* EventMapView.swift */ = {isa = PBXFileReference; includeInIndex = 1; lastKnownFileType = sourcecode.swift; name = EventMapView.swift; path = Views/EventMapView.swift; sourceTree = "<group>"; };
		E5A17BCB822DB5DACBB67BAA /* Pulse.app */ = {isa = PBXFileReference; explicitFileType = wrapper.application; includeInIndex = 0; path = Pulse.app; sourceTree = BUILT_PRODUCTS_DIR; };
		EAFF3F7F7A86867E1A133591 /* Foundation.framework */ = {isa = PBXFileReference; lastKnownFileType = wrapper.framework; name = Foundation.framework; path = Platforms/iPhoneOS.platform/Developer/SDKs/iPhoneOS26.0.sdk/System/Library/Frameworks/Foundation.framework; sourceTree = DEVELOPER_DIR; };
		EB842C2E1BA145C01DDCC4CA /* IPadMapPane.swift */ = {isa = PBXFileReference; includeInIndex = 1; lastKnownFileType = sourcecode.swift; name = IPadMapPane.swift; path = Views/iPad/IPadMapPane.swift; sourceTree = "<group>"; };
		F20F206F970F425A8582FAE1 /* SavedView.swift */ = {isa = PBXFileReference; includeInIndex = 1; lastKnownFileType = sourcecode.swift; name = SavedView.swift; path = Views/SavedView.swift; sourceTree = "<group>"; };
		F5364DE2FCFAD7F2939409E9 /* Theme.swift */ = {isa = PBXFileReference; includeInIndex = 1; lastKnownFileType = sourcecode.swift; name = Theme.swift; path = Design/Theme.swift; sourceTree = "<group>"; };
/* End PBXFileReference section */

/* Begin PBXFrameworksBuildPhase section */
		C1210BFAEB75BAC98E59C463 /* Frameworks */ = {
			isa = PBXFrameworksBuildPhase;
			buildActionMask = 2147483647;
			files = (
				4C5E919BAE384F2B7E96C677 /* Foundation.framework in Frameworks */,
			);
			runOnlyForDeploymentPostprocessing = 0;
		};
/* End PBXFrameworksBuildPhase section */

/* Begin PBXGroup section */
		2C6EF8398B05FD872114B039 /* Products */ = {
			isa = PBXGroup;
			children = (
				E5A17BCB822DB5DACBB67BAA /* Pulse.app */,
			);
			name = Products;
			sourceTree = "<group>";
		};
		8C71942E86F02D3323F0A456 /* iOS */ = {
			isa = PBXGroup;
			children = (
				EAFF3F7F7A86867E1A133591 /* Foundation.framework */,
			);
			name = iOS;
			sourceTree = "<group>";
		};
		B25150A9BE5C92ECC6F4F232 = {
			isa = PBXGroup;
			children = (
				2C6EF8398B05FD872114B039 /* Products */,
				B6FA7C18681852B0A7ED0BB1 /* Frameworks */,
				F5436ECEAFFF47B61EFCCA5C /* Pulse */,
			);
			sourceTree = "<group>";
		};
		B6FA7C18681852B0A7ED0BB1 /* Frameworks */ = {
			isa = PBXGroup;
			children = (
				8C71942E86F02D3323F0A456 /* iOS */,
			);
			name = Frameworks;
			sourceTree = "<group>";
		};
		F5436ECEAFFF47B61EFCCA5C /* Pulse */ = {
			isa = PBXGroup;
			children = (
				F5364DE2FCFAD7F2939409E9 /* Theme.swift */,
				545392D2C8393350267D8CC0 /* DateQueryParser.swift */,
				5DFCA368AFC8637351E5F348 /* Event.swift */,
				16A57FE1141812941C7A42EB /* PlaceOverride.swift */,
				0F2CE51D2F7526DF059ADF40 /* Preference.swift */,
				6BE1D69C3654D4D34D54FF1E /* EventService.swift */,
				30091BA7B23579073335F36C /* AppState.swift */,
				02F9F649F99C5FA0238E1F2C /* DiscoverView.swift */,
				6EF176D2A41438BE0CE62E00 /* EventCard.swift */,
				1408B59524EC00633CD3FEA3 /* EventDetailView.swift */,
				DFC8EF70242E0279E0E64A4D /* EventMapView.swift */,
				0B05F5A965EB276186A947DD /* OnboardingView.swift */,
				B4E98C623C88110584B18850 /* PreferencesView.swift */,
				7880AB3D3642FC4B79B17669 /* PulseApp.swift */,
				9EAE647B4273D35F58A5D2E9 /* RegionBrowserView.swift */,
				F20F206F970F425A8582FAE1 /* SavedView.swift */,
				5F39267587D9988DD8E73935 /* SearchView.swift */,
				31D4F8967D1624C5D5E7630B /* States.swift */,
				EB842C2E1BA145C01DDCC4CA /* IPadMapPane.swift */,
				59DA6FE4FC5E125223B4CE1D /* IPadShell.swift */,
				AC8692E9B28F02AD4A8EEFB4 /* IPadSupport.swift */,
				AE39A873CA5AACA6C1AA9AE3 /* Info.plist */,
				BD219C2CF31FA3A8AE8834C8 /* Assets.xcassets */,
			);
			name = Pulse;
			path = Pulse;
			sourceTree = "<group>";
		};
/* End PBXGroup section */

/* Begin PBXNativeTarget section */
		F1A059559767CF9DF4A9BD3B /* Pulse */ = {
			isa = PBXNativeTarget;
			buildConfigurationList = BAEA63012D67DA22C1ADE633 /* Build configuration list for PBXNativeTarget "Pulse" */;
			buildPhases = (
				686FC8413B961B8F4868CAE5 /* Sources */,
				C1210BFAEB75BAC98E59C463 /* Frameworks */,
				B73DDFC948BBEB815CCD9454 /* Resources */,
			);
			buildRules = (
			);
			dependencies = (
			);
			name = Pulse;
			productName = Pulse;
			productReference = E5A17BCB822DB5DACBB67BAA /* Pulse.app */;
			productType = "com.apple.product-type.application";
		};
/* End PBXNativeTarget section */

/* Begin PBXProject section */
		FECD38F5A21B9AE35AAB6CD7 /* Project object */ = {
			isa = PBXProject;
			attributes = {
				LastSwiftUpdateCheck = 1600;
				LastUpgradeCheck = 1600;
			};
			buildConfigurationList = 8EA64FCDDABCDAC0C1464DD4 /* Build configuration list for PBXProject "Pulse" */;
			compatibilityVersion = "Xcode 3.2";
			developmentRegion = en;
			hasScannedForEncodings = 0;
			knownRegions = (
				en,
				Base,
			);
			mainGroup = B25150A9BE5C92ECC6F4F232;
			minimizedProjectReferenceProxies = 0;
			preferredProjectObjectVersion = 100;
			productRefGroup = 2C6EF8398B05FD872114B039 /* Products */;
			projectDirPath = "";
			projectRoot = "";
			targets = (
				F1A059559767CF9DF4A9BD3B /* Pulse */,
			);
		};
/* End PBXProject section */

/* Begin PBXResourcesBuildPhase section */
		B73DDFC948BBEB815CCD9454 /* Resources */ = {
			isa = PBXResourcesBuildPhase;
			buildActionMask = 2147483647;
			files = (
				77C53A21B0A5953A7F7F1EC6 /* Assets.xcassets in Resources */,
			);
			runOnlyForDeploymentPostprocessing = 0;
		};
/* End PBXResourcesBuildPhase section */

/* Begin PBXSourcesBuildPhase section */
		686FC8413B961B8F4868CAE5 /* Sources */ = {
			isa = PBXSourcesBuildPhase;
			buildActionMask = 2147483647;
			files = (
				A46E0CAD5C8C0FD6CA7E793B /* Theme.swift in Sources */,
				7AACA1DCB40F52B9428CF47A /* DateQueryParser.swift in Sources */,
				A2A20BBD3B0B78B459AC5FB3 /* Event.swift in Sources */,
				1E21E2C8E9D7492E073E71CE /* PlaceOverride.swift in Sources */,
				F437C612FA045C7DC829F11A /* Preference.swift in Sources */,
				BED75CCB63CA7B6A14108E35 /* EventService.swift in Sources */,
				187CE20B6A50BB8D2E3C393A /* AppState.swift in Sources */,
				C14DF61486404E311E117E79 /* DiscoverView.swift in Sources */,
				8D961A5339481A3278B13418 /* EventCard.swift in Sources */,
				2FEDC5C0A17528194FB9B444 /* EventDetailView.swift in Sources */,
				1177B079C9BE0A3626243087 /* EventMapView.swift in Sources */,
				D0A4851B31C7273286C1798C /* OnboardingView.swift in Sources */,
				0B06CE8F6EDF3EF82B57E10B /* PreferencesView.swift in Sources */,
				0A2BE0FD83A168241EEFD7A4 /* PulseApp.swift in Sources */,
				9A964360FFB59103E547D550 /* RegionBrowserView.swift in Sources */,
				7AAB12C95EAD496F79D420FF /* SavedView.swift in Sources */,
				7760BA8DE5B915E9686D1355 /* SearchView.swift in Sources */,
				27BE7DB2846DA7D2DE8B2587 /* States.swift in Sources */,
				87E183B5BDB71D72FDE92AFF /* IPadMapPane.swift in Sources */,
				D316AF02E09B9FB3CE45978F /* IPadShell.swift in Sources */,
				B3965191B8A6FC24A8E51336 /* IPadSupport.swift in Sources */,
			);
			runOnlyForDeploymentPostprocessing = 0;
		};
/* End PBXSourcesBuildPhase section */

/* Begin XCBuildConfiguration section */
		2E60DBF9707EDB75E6FB823F /* Debug */ = {
			isa = XCBuildConfiguration;
			buildSettings = {
				ALWAYS_SEARCH_USER_PATHS = NO;
				CLANG_ANALYZER_NONNULL = YES;
				CLANG_ANALYZER_NUMBER_OBJECT_CONVERSION = YES_AGGRESSIVE;
				CLANG_CXX_LANGUAGE_STANDARD = "gnu++14";
				CLANG_CXX_LIBRARY = "libc++";
				CLANG_ENABLE_MODULES = YES;
				CLANG_ENABLE_OBJC_ARC = YES;
				CLANG_ENABLE_OBJC_WEAK = YES;
				CLANG_WARN_BLOCK_CAPTURE_AUTORELEASING = YES;
				CLANG_WARN_BOOL_CONVERSION = YES;
				CLANG_WARN_COMMA = YES;
				CLANG_WARN_CONSTANT_CONVERSION = YES;
				CLANG_WARN_DEPRECATED_OBJC_IMPLEMENTATIONS = YES;
				CLANG_WARN_DIRECT_OBJC_ISA_USAGE = YES_ERROR;
				CLANG_WARN_DOCUMENTATION_COMMENTS = YES;
				CLANG_WARN_EMPTY_BODY = YES;
				CLANG_WARN_ENUM_CONVERSION = YES;
				CLANG_WARN_INFINITE_RECURSION = YES;
				CLANG_WARN_INT_CONVERSION = YES;
				CLANG_WARN_NON_LITERAL_NULL_CONVERSION = YES;
				CLANG_WARN_OBJC_IMPLICIT_RETAIN_SELF = YES;
				CLANG_WARN_OBJC_LITERAL_CONVERSION = YES;
				CLANG_WARN_OBJC_ROOT_CLASS = YES_ERROR;
				CLANG_WARN_QUOTED_INCLUDE_IN_FRAMEWORK_HEADER = YES;
				CLANG_WARN_RANGE_LOOP_ANALYSIS = YES;
				CLANG_WARN_STRICT_PROTOTYPES = YES;
				CLANG_WARN_SUSPICIOUS_MOVE = YES;
				CLANG_WARN_UNGUARDED_AVAILABILITY = YES_AGGRESSIVE;
				CLANG_WARN_UNREACHABLE_CODE = YES;
				CLANG_WARN__DUPLICATE_METHOD_MATCH = YES;
				COPY_PHASE_STRIP = NO;
				DEBUG_INFORMATION_FORMAT = dwarf;
				ENABLE_STRICT_OBJC_MSGSEND = YES;
				ENABLE_TESTABILITY = YES;
				GCC_C_LANGUAGE_STANDARD = gnu11;
				GCC_DYNAMIC_NO_PIC = NO;
				GCC_NO_COMMON_BLOCKS = YES;
				GCC_OPTIMIZATION_LEVEL = 0;
				GCC_PREPROCESSOR_DEFINITIONS = (
					"DEBUG=1",
					"$(inherited)",
				);
				GCC_WARN_64_TO_32_BIT_CONVERSION = YES;
				GCC_WARN_ABOUT_RETURN_TYPE = YES_ERROR;
				GCC_WARN_UNDECLARED_SELECTOR = YES;
				GCC_WARN_UNINITIALIZED_AUTOS = YES_AGGRESSIVE;
				GCC_WARN_UNUSED_FUNCTION = YES;
				GCC_WARN_UNUSED_VARIABLE = YES;
				MTL_ENABLE_DEBUG_INFO = INCLUDE_SOURCE;
				MTL_FAST_MATH = YES;
				ONLY_ACTIVE_ARCH = YES;
				PRODUCT_NAME = "$(TARGET_NAME)";
				SWIFT_ACTIVE_COMPILATION_CONDITIONS = DEBUG;
				SWIFT_OPTIMIZATION_LEVEL = "-Onone";
				SWIFT_VERSION = 5.0;
			};
			name = Debug;
		};
		4526B26E7ACAFE78763B1381 /* Release */ = {
			isa = XCBuildConfiguration;
			buildSettings = {
				ASSETCATALOG_COMPILER_APPICON_NAME = AppIcon;
				ASSETCATALOG_COMPILER_GLOBAL_ACCENT_COLOR_NAME = "";
				CLANG_ENABLE_OBJC_WEAK = NO;
				CODE_SIGN_STYLE = Automatic;
				DEVELOPMENT_LANGUAGE = "en-GB";
				DEVELOPMENT_TEAM = CRLGA87MAF;
				ENABLE_PREVIEWS = YES;
				GENERATE_INFOPLIST_FILE = NO;
				INFOPLIST_FILE = Pulse/Info.plist;
				IPHONEOS_DEPLOYMENT_TARGET = 17.0;
				LD_RUNPATH_SEARCH_PATHS = "$(inherited) @executable_path/Frameworks";
				PRODUCT_BUNDLE_IDENTIFIER = com.voice2jobs.pulseuk;
				PRODUCT_NAME = "$(TARGET_NAME)";
				SDKROOT = iphoneos;
				SWIFT_VERSION = 5.0;
				TARGETED_DEVICE_FAMILY = "1,2";
				VALIDATE_PRODUCT = YES;
			};
			name = Release;
		};
		7D85FB128E204B3327A644DB /* Release */ = {
			isa = XCBuildConfiguration;
			buildSettings = {
				ALWAYS_SEARCH_USER_PATHS = NO;
				CLANG_ANALYZER_NONNULL = YES;
				CLANG_ANALYZER_NUMBER_OBJECT_CONVERSION = YES_AGGRESSIVE;
				CLANG_CXX_LANGUAGE_STANDARD = "gnu++14";
				CLANG_CXX_LIBRARY = "libc++";
				CLANG_ENABLE_MODULES = YES;
				CLANG_ENABLE_OBJC_ARC = YES;
				CLANG_ENABLE_OBJC_WEAK = YES;
				CLANG_WARN_BLOCK_CAPTURE_AUTORELEASING = YES;
				CLANG_WARN_BOOL_CONVERSION = YES;
				CLANG_WARN_COMMA = YES;
				CLANG_WARN_CONSTANT_CONVERSION = YES;
				CLANG_WARN_DEPRECATED_OBJC_IMPLEMENTATIONS = YES;
				CLANG_WARN_DIRECT_OBJC_ISA_USAGE = YES_ERROR;
				CLANG_WARN_DOCUMENTATION_COMMENTS = YES;
				CLANG_WARN_EMPTY_BODY = YES;
				CLANG_WARN_ENUM_CONVERSION = YES;
				CLANG_WARN_INFINITE_RECURSION = YES;
				CLANG_WARN_INT_CONVERSION = YES;
				CLANG_WARN_NON_LITERAL_NULL_CONVERSION = YES;
				CLANG_WARN_OBJC_IMPLICIT_RETAIN_SELF = YES;
				CLANG_WARN_OBJC_LITERAL_CONVERSION = YES;
				CLANG_WARN_OBJC_ROOT_CLASS = YES_ERROR;
				CLANG_WARN_QUOTED_INCLUDE_IN_FRAMEWORK_HEADER = YES;
				CLANG_WARN_RANGE_LOOP_ANALYSIS = YES;
				CLANG_WARN_STRICT_PROTOTYPES = YES;
				CLANG_WARN_SUSPICIOUS_MOVE = YES;
				CLANG_WARN_UNGUARDED_AVAILABILITY = YES_AGGRESSIVE;
				CLANG_WARN_UNREACHABLE_CODE = YES;
				CLANG_WARN__DUPLICATE_METHOD_MATCH = YES;
				COPY_PHASE_STRIP = NO;
				DEBUG_INFORMATION_FORMAT = "dwarf-with-dsym";
				ENABLE_NS_ASSERTIONS = NO;
				ENABLE_STRICT_OBJC_MSGSEND = YES;
				GCC_C_LANGUAGE_STANDARD = gnu11;
				GCC_NO_COMMON_BLOCKS = YES;
				GCC_WARN_64_TO_32_BIT_CONVERSION = YES;
				GCC_WARN_ABOUT_RETURN_TYPE = YES_ERROR;
				GCC_WARN_UNDECLARED_SELECTOR = YES;
				GCC_WARN_UNINITIALIZED_AUTOS = YES_AGGRESSIVE;
				GCC_WARN_UNUSED_FUNCTION = YES;
				GCC_WARN_UNUSED_VARIABLE = YES;
				MTL_ENABLE_DEBUG_INFO = NO;
				MTL_FAST_MATH = YES;
				PRODUCT_NAME = "$(TARGET_NAME)";
				SWIFT_COMPILATION_MODE = wholemodule;
				SWIFT_OPTIMIZATION_LEVEL = "-O";
				SWIFT_VERSION = 5.0;
			};
			name = Release;
		};
		FDEE5437FB518C6BBF1C826B /* Debug */ = {
			isa = XCBuildConfiguration;
			buildSettings = {
				ASSETCATALOG_COMPILER_APPICON_NAME = AppIcon;
				ASSETCATALOG_COMPILER_GLOBAL_ACCENT_COLOR_NAME = "";
				CLANG_ENABLE_OBJC_WEAK = NO;
				CODE_SIGN_STYLE = Automatic;
				DEVELOPMENT_LANGUAGE = "en-GB";
				DEVELOPMENT_TEAM = CRLGA87MAF;
				ENABLE_PREVIEWS = YES;
				GENERATE_INFOPLIST_FILE = NO;
				INFOPLIST_FILE = Pulse/Info.plist;
				IPHONEOS_DEPLOYMENT_TARGET = 17.0;
				LD_RUNPATH_SEARCH_PATHS = "$(inherited) @executable_path/Frameworks";
				PRODUCT_BUNDLE_IDENTIFIER = com.voice2jobs.pulseuk;
				PRODUCT_NAME = "$(TARGET_NAME)";
				SDKROOT = iphoneos;
				SWIFT_VERSION = 5.0;
				TARGETED_DEVICE_FAMILY = "1,2";
			};
			name = Debug;
		};
/* End XCBuildConfiguration section */

/* Begin XCConfigurationList section */
		8EA64FCDDABCDAC0C1464DD4 /* Build configuration list for PBXProject "Pulse" */ = {
			isa = XCConfigurationList;
			buildConfigurations = (
				2E60DBF9707EDB75E6FB823F /* Debug */,
				7D85FB128E204B3327A644DB /* Release */,
			);
			defaultConfigurationIsVisible = 0;
			defaultConfigurationName = Release;
		};
		BAEA63012D67DA22C1ADE633 /* Build configuration list for PBXNativeTarget "Pulse" */ = {
			isa = XCConfigurationList;
			buildConfigurations = (
				4526B26E7ACAFE78763B1381 /* Release */,
				FDEE5437FB518C6BBF1C826B /* Debug */,
			);
			defaultConfigurationIsVisible = 0;
			defaultConfigurationName = Release;
		};
/* End XCConfigurationList section */
	};
	rootObject = FECD38F5A21B9AE35AAB6CD7 /* Project object */;
}
